
Microsoft Visual Studio Solution File, Format Version 12.00
# Visual Studio Version 16
VisualStudioVersion = 16.0.810.20
MinimumVisualStudioVersion = 10.0.40219.1
Project("{FAE04EC0-301F-11D3-BF4B-00C04F79EFBC}") = "CoupenNum", "CoupenNum\CoupenNum.csproj", "{30394B5F-DA72-4076-B16B-76CF6916737B}"
EndProject
Global
	GlobalSection(SolutionConfigurationPlatforms) = preSolution
		Debug|Any CPU = Debug|Any CPU
		Release|Any CPU = Release|Any CPU
	EndGlobalSection
	GlobalSection(ProjectConfigurationPlatforms) = postSolution
		{30394B5F-DA72-4076-B16B-76CF6916737B}.Debug|Any CPU.ActiveCfg = Debug|Any CPU
		{30394B5F-DA72-4076-B16B-76CF6916737B}.Debug|Any CPU.Build.0 = Debug|Any CPU
		{30394B5F-DA72-4076-B16B-76CF6916737B}.Release|Any CPU.ActiveCfg = Release|Any CPU
		{30394B5F-DA72-4076-B16B-76CF6916737B}.Release|Any CPU.Build.0 = Release|Any CPU
	EndGlobalSection
	GlobalSection(SolutionProperties) = preSolution
		HideSolutionNode = FALSE
	EndGlobalSection
	GlobalSection(ExtensibilityGlobals) = postSolution
		SolutionGuid = {D856CE2A-B343-4FA1-B1AF-359D31CB313D}
	EndGlobalSection
EndGlobal
