
Microsoft Visual Studio Solution File, Format Version 12.00
# Visual Studio Version 16
VisualStudioVersion = 16.0.810.20
MinimumVisualStudioVersion = 10.0.40219.1
Project("{FAE04EC0-301F-11D3-BF4B-00C04F79EFBC}") = "PrimeNumbersupto100", "PrimeNumbersupto100\PrimeNumbersupto100.csproj", "{18EFC108-1B49-46FA-A133-DC3E782BCB35}"
EndProject
Global
	GlobalSection(SolutionConfigurationPlatforms) = preSolution
		Debug|Any CPU = Debug|Any CPU
		Release|Any CPU = Release|Any CPU
	EndGlobalSection
	GlobalSection(ProjectConfigurationPlatforms) = postSolution
		{18EFC108-1B49-46FA-A133-DC3E782BCB35}.Debug|Any CPU.ActiveCfg = Debug|Any CPU
		{18EFC108-1B49-46FA-A133-DC3E782BCB35}.Debug|Any CPU.Build.0 = Debug|Any CPU
		{18EFC108-1B49-46FA-A133-DC3E782BCB35}.Release|Any CPU.ActiveCfg = Release|Any CPU
		{18EFC108-1B49-46FA-A133-DC3E782BCB35}.Release|Any CPU.Build.0 = Release|Any CPU
	EndGlobalSection
	GlobalSection(SolutionProperties) = preSolution
		HideSolutionNode = FALSE
	EndGlobalSection
	GlobalSection(ExtensibilityGlobals) = postSolution
		SolutionGuid = {5C014AF5-7AB9-449C-B1A4-018D41CC8D1C}
	EndGlobalSection
EndGlobal
