
Microsoft Visual Studio Solution File, Format Version 12.00
# Visual Studio Version 16
VisualStudioVersion = 16.0.810.20
MinimumVisualStudioVersion = 10.0.40219.1
Project("{FAE04EC0-301F-11D3-BF4B-00C04F79EFBC}") = "ReverseNum", "ReverseNum\ReverseNum.csproj", "{81A255CF-9D8C-485B-954F-3AB770321F92}"
EndProject
Global
	GlobalSection(SolutionConfigurationPlatforms) = preSolution
		Debug|Any CPU = Debug|Any CPU
		Release|Any CPU = Release|Any CPU
	EndGlobalSection
	GlobalSection(ProjectConfigurationPlatforms) = postSolution
		{81A255CF-9D8C-485B-954F-3AB770321F92}.Debug|Any CPU.ActiveCfg = Debug|Any CPU
		{81A255CF-9D8C-485B-954F-3AB770321F92}.Debug|Any CPU.Build.0 = Debug|Any CPU
		{81A255CF-9D8C-485B-954F-3AB770321F92}.Release|Any CPU.ActiveCfg = Release|Any CPU
		{81A255CF-9D8C-485B-954F-3AB770321F92}.Release|Any CPU.Build.0 = Release|Any CPU
	EndGlobalSection
	GlobalSection(SolutionProperties) = preSolution
		HideSolutionNode = FALSE
	EndGlobalSection
	GlobalSection(ExtensibilityGlobals) = postSolution
		SolutionGuid = {A684AF91-E602-407F-915E-DECC0D599E6D}
	EndGlobalSection
EndGlobal
